
Microsoft Visual Studio Solution File, Format Version 12.00
# Visual Studio 15
VisualStudioVersion = 15.0.27703.2035
MinimumVisualStudioVersion = 10.0.40219.1
Project("{FAE04EC0-301F-11D3-BF4B-00C04F79EFBC}") = "gR_window", "gR_window\gR_window.csproj", "{7EEC5E79-18DB-4F4A-898E-DB77DB400400}"
EndProject
Global
	GlobalSection(SolutionConfigurationPlatforms) = preSolution
		Debug|Any CPU = Debug|Any CPU
		Release|Any CPU = Release|Any CPU
	EndGlobalSection
	GlobalSection(ProjectConfigurationPlatforms) = postSolution
		{7EEC5E79-18DB-4F4A-898E-DB77DB400400}.Debug|Any CPU.ActiveCfg = Debug|Any CPU
		{7EEC5E79-18DB-4F4A-898E-DB77DB400400}.Debug|Any CPU.Build.0 = Debug|Any CPU
		{7EEC5E79-18DB-4F4A-898E-DB77DB400400}.Release|Any CPU.ActiveCfg = Release|Any CPU
		{7EEC5E79-18DB-4F4A-898E-DB77DB400400}.Release|Any CPU.Build.0 = Release|Any CPU
	EndGlobalSection
	GlobalSection(SolutionProperties) = preSolution
		HideSolutionNode = FALSE
	EndGlobalSection
	GlobalSection(ExtensibilityGlobals) = postSolution
		SolutionGuid = {E5BCD15E-5417-4252-9632-04FB0227926F}
	EndGlobalSection
EndGlobal
